
Microsoft Visual Studio Solution File, Format Version 12.00
Project("{FAE04EC0-301F-11D3-BF4B-00C04F79EFBC}") = "SpellingDifficultyCalculator", "SpellingDifficultyCalculator\SpellingDifficultyCalculator.csproj", "{862CBC24-3C09-4BBB-8BFF-AF9F333595DE}"
EndProject
Global
	GlobalSection(SolutionConfigurationPlatforms) = preSolution
		Debug|Any CPU = Debug|Any CPU
		Release|Any CPU = Release|Any CPU
	EndGlobalSection
	GlobalSection(ProjectConfigurationPlatforms) = postSolution
		{862CBC24-3C09-4BBB-8BFF-AF9F333595DE}.Debug|Any CPU.ActiveCfg = Debug|Any CPU
		{862CBC24-3C09-4BBB-8BFF-AF9F333595DE}.Debug|Any CPU.Build.0 = Debug|Any CPU
		{862CBC24-3C09-4BBB-8BFF-AF9F333595DE}.Release|Any CPU.ActiveCfg = Release|Any CPU
		{862CBC24-3C09-4BBB-8BFF-AF9F333595DE}.Release|Any CPU.Build.0 = Release|Any CPU
	EndGlobalSection
EndGlobal
